
Microsoft Visual Studio Solution File, Format Version 12.00
# Visual Studio Version 17
VisualStudioVersion = 17.10.35013.160
MinimumVisualStudioVersion = 10.0.40219.1
Project("{FAE04EC0-301F-11D3-BF4B-00C04F79EFBC}") = "WebApplication16", "WebApplication16.csproj", "{17829FE8-A37F-44C1-8039-C8DFDB6A0836}"
EndProject
Global
	GlobalSection(SolutionConfigurationPlatforms) = preSolution
		Debug|Any CPU = Debug|Any CPU
		Release|Any CPU = Release|Any CPU
	EndGlobalSection
	GlobalSection(ProjectConfigurationPlatforms) = postSolution
		{17829FE8-A37F-44C1-8039-C8DFDB6A0836}.Debug|Any CPU.ActiveCfg = Debug|Any CPU
		{17829FE8-A37F-44C1-8039-C8DFDB6A0836}.Debug|Any CPU.Build.0 = Debug|Any CPU
		{17829FE8-A37F-44C1-8039-C8DFDB6A0836}.Release|Any CPU.ActiveCfg = Release|Any CPU
		{17829FE8-A37F-44C1-8039-C8DFDB6A0836}.Release|Any CPU.Build.0 = Release|Any CPU
	EndGlobalSection
	GlobalSection(SolutionProperties) = preSolution
		HideSolutionNode = FALSE
	EndGlobalSection
	GlobalSection(ExtensibilityGlobals) = postSolution
		SolutionGuid = {CEA2AFED-C5F6-4442-8BF2-E85C0A10581C}
	EndGlobalSection
EndGlobal
